
Microsoft Visual Studio Solution File, Format Version 12.00
# Visual Studio Version 17
VisualStudioVersion = 17.3.32825.248
MinimumVisualStudioVersion = 10.0.40219.1
Project("{FAE04EC0-301F-11D3-BF4B-00C04F79EFBC}") = "Second", "Second.csproj", "{DD595FC7-916C-4EFC-8791-53088E08DECC}"
EndProject
Global
	GlobalSection(SolutionConfigurationPlatforms) = preSolution
		Debug|Any CPU = Debug|Any CPU
		Release|Any CPU = Release|Any CPU
	EndGlobalSection
	GlobalSection(ProjectConfigurationPlatforms) = postSolution
		{DD595FC7-916C-4EFC-8791-53088E08DECC}.Debug|Any CPU.ActiveCfg = Debug|Any CPU
		{DD595FC7-916C-4EFC-8791-53088E08DECC}.Debug|Any CPU.Build.0 = Debug|Any CPU
		{DD595FC7-916C-4EFC-8791-53088E08DECC}.Release|Any CPU.ActiveCfg = Release|Any CPU
		{DD595FC7-916C-4EFC-8791-53088E08DECC}.Release|Any CPU.Build.0 = Release|Any CPU
	EndGlobalSection
	GlobalSection(SolutionProperties) = preSolution
		HideSolutionNode = FALSE
	EndGlobalSection
	GlobalSection(ExtensibilityGlobals) = postSolution
		SolutionGuid = {05978A10-F133-453C-B613-ABF4ED57BAC3}
	EndGlobalSection
EndGlobal
